
Microsoft Visual Studio Solution File, Format Version 12.00
# Visual Studio Version 16
VisualStudioVersion = 16.0.31515.178
MinimumVisualStudioVersion = 10.0.40219.1
Project("{FAE04EC0-301F-11D3-BF4B-00C04F79EFBC}") = "DotnetFramwrkmvc", "DotnetFramwrkmvc.csproj", "{1EBB53B0-854A-4DA9-942D-2E9AC77817C4}"
EndProject
Global
	GlobalSection(SolutionConfigurationPlatforms) = preSolution
		Debug|Any CPU = Debug|Any CPU
		Release|Any CPU = Release|Any CPU
	EndGlobalSection
	GlobalSection(ProjectConfigurationPlatforms) = postSolution
		{1EBB53B0-854A-4DA9-942D-2E9AC77817C4}.Debug|Any CPU.ActiveCfg = Debug|Any CPU
		{1EBB53B0-854A-4DA9-942D-2E9AC77817C4}.Debug|Any CPU.Build.0 = Debug|Any CPU
		{1EBB53B0-854A-4DA9-942D-2E9AC77817C4}.Release|Any CPU.ActiveCfg = Release|Any CPU
		{1EBB53B0-854A-4DA9-942D-2E9AC77817C4}.Release|Any CPU.Build.0 = Release|Any CPU
	EndGlobalSection
	GlobalSection(SolutionProperties) = preSolution
		HideSolutionNode = FALSE
	EndGlobalSection
	GlobalSection(ExtensibilityGlobals) = postSolution
		SolutionGuid = {522EC0C3-6B83-4979-A242-A766888211B7}
	EndGlobalSection
EndGlobal
